
Microsoft Visual Studio Solution File, Format Version 12.00
# Visual Studio Version 17
VisualStudioVersion = 17.7.34024.191
MinimumVisualStudioVersion = 10.0.40219.1
Project("{FAE04EC0-301F-11D3-BF4B-00C04F79EFBC}") = "Non-Lethal Dev Console", "Non-Lethal Dev Console.csproj", "{89FD09FC-7C8B-4AE5-A2D2-11FD2B2A962B}"
EndProject
Global
	GlobalSection(SolutionConfigurationPlatforms) = preSolution
		Debug|Any CPU = Debug|Any CPU
		Release|Any CPU = Release|Any CPU
	EndGlobalSection
	GlobalSection(ProjectConfigurationPlatforms) = postSolution
		{89FD09FC-7C8B-4AE5-A2D2-11FD2B2A962B}.Debug|Any CPU.ActiveCfg = Debug|Any CPU
		{89FD09FC-7C8B-4AE5-A2D2-11FD2B2A962B}.Debug|Any CPU.Build.0 = Debug|Any CPU
		{89FD09FC-7C8B-4AE5-A2D2-11FD2B2A962B}.Release|Any CPU.ActiveCfg = Release|Any CPU
		{89FD09FC-7C8B-4AE5-A2D2-11FD2B2A962B}.Release|Any CPU.Build.0 = Release|Any CPU
	EndGlobalSection
	GlobalSection(SolutionProperties) = preSolution
		HideSolutionNode = FALSE
	EndGlobalSection
	GlobalSection(ExtensibilityGlobals) = postSolution
		SolutionGuid = {C16FF93C-E852-480C-BEE0-7C7578D75B09}
	EndGlobalSection
EndGlobal
